version = 1
revision = 3
requires-python = ">=3.9"
resolution-markers = [
    "python_full_version >= '3.10'",
    "python_full_version < '3.10'",
]

[[package]]
name = "agy-headless-bridge"
version = "1.3.0"
source = { editable = "." }
dependencies = [
    { name = "pywinpty", version = "3.0.3", source = { registry = "https://pypi.org/simple" }, marker = "python_full_version < '3.10' and sys_platform == 'win32'" },
    { name = "pywinpty", version = "3.0.5", source = { registry = "https://pypi.org/simple" }, marker = "python_full_version >= '3.10' and sys_platform == 'win32'" },
]

[package.optional-dependencies]
dev = [
    { name = "pytest", version = "8.4.2", source = { registry = "https://pypi.org/simple" }, marker = "python_full_version < '3.10'" },
    { name = "pytest", version = "9.1.1", source = { registry = "https://pypi.org/simple" }, marker = "python_full_version >= '3.10'" },
]

[package.metadata]
requires-dist = [
    { name = "pytest", marker = "extra == 'dev'", specifier = ">=7" },
    { name = "pywinpty", marker = "sys_platform == 'win32'", specifier = ">=2.0" },
]
provides-extras = ["dev"]

[[package]]
name = "colorama"
version = "0.4.6"
source = { registry = "https://pypi.org/simple" }
sdist = { url = "https://files.pythonhosted.org/packages/d8/53/6f443c9a4a8358a93a6792e2acffb9d9d5cb0a5cfd8802644b7b1c9a02e4/colorama-0.4.6.tar.gz", hash = "sha256:08695f5cb7ed6e0531a20572697297273c47b8cae5a63ffc6d6ed5c201be6e44", size = 27697, upload-time = "2022-10-25T02:36:22.414Z" }
wheels = [
    { url = "https://files.pythonhosted.org/packages/d1/d6/3965ed04c63042e047cb6a3e6ed1a63a35087b6a609aa3a15ed8ac56c221/colorama-0.4.6-py2.py3-none-any.whl", hash = "sha256:4f1d9991f5acc0ca119f9d443620b77f9d6b33703e51011c16baf57afb285fc6", size = 25335, upload-time = "2022-10-25T02:36:20.889Z" },
]

[[package]]
name = "exceptiongroup"
version = "1.3.1"
source = { registry = "https://pypi.org/simple" }
dependencies = [
    { name = "typing-extensions" },
]
sdist = { url = "https://files.pythonhosted.org/packages/50/79/66800aadf48771f6b62f7eb014e352e5d06856655206165d775e675a02c9/exceptiongroup-1.3.1.tar.gz", hash = "sha256:8b412432c6055b0b7d14c310000ae93352ed6754f70fa8f7c34141f91c4e3219", size = 30371, upload-time = "2025-11-21T23:01:54.787Z" }
wheels = [
    { url = "https://files.pythonhosted.org/packages/8a/0e/97c33bf5009bdbac74fd2beace167cab3f978feb69cc36f1ef79360d6c4e/exceptiongroup-1.3.1-py3-none-any.whl", hash = "sha256:a7a39a3bd276781e98394987d3a5701d0c4edffb633bb7a5144577f82c773598", size = 16740, upload-time = "2025-11-21T23:01:53.443Z" },
]

[[package]]
name = "iniconfig"
version = "2.1.0"
source = { registry = "https://pypi.org/simple" }
resolution-markers = [
    "python_full_version < '3.10'",
]
sdist = { url = "https://files.pythonhosted.org/packages/f2/97/ebf4da567aa6827c909642694d71c9fcf53e5b504f2d96afea02718862f3/iniconfig-2.1.0.tar.gz", hash = "sha256:3abbd2e30b36733fee78f9c7f7308f2d0050e88f0087fd25c2645f63c773e1c7", size = 4793, upload-time = "2025-03-19T20:09:59.721Z" }
wheels = [
    { url = "https://files.pythonhosted.org/packages/2c/e1/e6716421ea10d38022b952c159d5161ca1193197fb744506875fbb87ea7b/iniconfig-2.1.0-py3-none-any.whl", hash = "sha256:9deba5723312380e77435581c6bf4935c94cbfab9b1ed33ef8d238ea168eb760", size = 6050, upload-time = "2025-03-19T20:10:01.071Z" },
]

[[package]]
name = "iniconfig"
version = "2.3.0"
source = { registry = "https://pypi.org/simple" }
resolution-markers = [
    "python_full_version >= '3.10'",
]
sdist = { url = "https://files.pythonhosted.org/packages/72/34/14ca021ce8e5dfedc35312d08ba8bf51fdd999c576889fc2c24cb97f4f10/iniconfig-2.3.0.tar.gz", hash = "sha256:c76315c77db068650d49c5b56314774a7804df16fee4402c1f19d6d15d8c4730", size = 20503, upload-time = "2025-10-18T21:55:43.219Z" }
wheels = [
    { url = "https://files.pythonhosted.org/packages/cb/b1/3846dd7f199d53cb17f49cba7e651e9ce294d8497c8c150530ed11865bb8/iniconfig-2.3.0-py3-none-any.whl", hash = "sha256:f631c04d2c48c52b84d0d0549c99ff3859c98df65b3101406327ecc7d53fbf12", size = 7484, upload-time = "2025-10-18T21:55:41.639Z" },
]

[[package]]
name = "packaging"
version = "26.2"
source = { registry = "https://pypi.org/simple" }
sdist = { url = "https://files.pythonhosted.org/packages/d7/f1/e7a6dd94a8d4a5626c03e4e99c87f241ba9e350cd9e6d75123f992427270/packaging-26.2.tar.gz", hash = "sha256:ff452ff5a3e828ce110190feff1178bb1f2ea2281fa2075aadb987c2fb221661", size = 228134, upload-time = "2026-04-24T20:15:23.917Z" }
wheels = [
    { url = "https://files.pythonhosted.org/packages/df/b2/87e62e8c3e2f4b32e5fe99e0b86d576da1312593b39f47d8ceef365e95ed/packaging-26.2-py3-none-any.whl", hash = "sha256:5fc45236b9446107ff2415ce77c807cee2862cb6fac22b8a73826d0693b0980e", size = 100195, upload-time = "2026-04-24T20:15:22.081Z" },
]

[[package]]
name = "pluggy"
version = "1.6.0"
source = { registry = "https://pypi.org/simple" }
sdist = { url = "https://files.pythonhosted.org/packages/f9/e2/3e91f31a7d2b083fe6ef3fa267035b518369d9511ffab804f839851d2779/pluggy-1.6.0.tar.gz", hash = "sha256:7dcc130b76258d33b90f61b658791dede3486c3e6bfb003ee5c9bfb396dd22f3", size = 69412, upload-time = "2025-05-15T12:30:07.975Z" }
wheels = [
    { url = "https://files.pythonhosted.org/packages/54/20/4d324d65cc6d9205fabedc306948156824eb9f0ee1633355a8f7ec5c66bf/pluggy-1.6.0-py3-none-any.whl", hash = "sha256:e920276dd6813095e9377c0bc5566d94c932c33b27a3e3945d8389c374dd4746", size = 20538, upload-time = "2025-05-15T12:30:06.134Z" },
]

[[package]]
name = "pygments"
version = "2.20.0"
source = { registry = "https://pypi.org/simple" }
sdist = { url = "https://files.pythonhosted.org/packages/c3/b2/bc9c9196916376152d655522fdcebac55e66de6603a76a02bca1b6414f6c/pygments-2.20.0.tar.gz", hash = "sha256:6757cd03768053ff99f3039c1a36d6c0aa0b263438fcab17520b30a303a82b5f", size = 4955991, upload-time = "2026-03-29T13:29:33.898Z" }
wheels = [
    { url = "https://files.pythonhosted.org/packages/f4/7e/a72dd26f3b0f4f2bf1dd8923c85f7ceb43172af56d63c7383eb62b332364/pygments-2.20.0-py3-none-any.whl", hash = "sha256:81a9e26dd42fd28a23a2d169d86d7ac03b46e2f8b59ed4698fb4785f946d0176", size = 1231151, upload-time = "2026-03-29T13:29:30.038Z" },
]

[[package]]
name = "pytest"
version = "8.4.2"
source = { registry = "https://pypi.org/simple" }
resolution-markers = [
    "python_full_version < '3.10'",
]
dependencies = [
    { name = "colorama", marker = "sys_platform == 'win32'" },
    { name = "exceptiongroup" },
    { name = "iniconfig", version = "2.1.0", source = { registry = "https://pypi.org/simple" } },
    { name = "packaging" },
    { name = "pluggy" },
    { name = "pygments" },
    { name = "tomli" },
]
sdist = { url = "https://files.pythonhosted.org/packages/a3/5c/00a0e072241553e1a7496d638deababa67c5058571567b92a7eaa258397c/pytest-8.4.2.tar.gz", hash = "sha256:86c0d0b93306b961d58d62a4db4879f27fe25513d4b969df351abdddb3c30e01", size = 1519618, upload-time = "2025-09-04T14:34:22.711Z" }
wheels = [
    { url = "https://files.pythonhosted.org/packages/a8/a4/20da314d277121d6534b3a980b29035dcd51e6744bd79075a6ce8fa4eb8d/pytest-8.4.2-py3-none-any.whl", hash = "sha256:872f880de3fc3a5bdc88a11b39c9710c3497a547cfa9320bc3c5e62fbf272e79", size = 365750, upload-time = "2025-09-04T14:34:20.226Z" },
]

[[package]]
name = "pytest"
version = "9.1.1"
source = { registry = "https://pypi.org/simple" }
resolution-markers = [
    "python_full_version >= '3.10'",
]
dependencies = [
    { name = "colorama", marker = "sys_platform == 'win32'" },
    { name = "exceptiongroup", marker = "python_full_version < '3.11'" },
    { name = "iniconfig", version = "2.3.0", source = { registry = "https://pypi.org/simple" } },
    { name = "packaging" },
    { name = "pluggy" },
    { name = "pygments" },
    { name = "tomli", marker = "python_full_version < '3.11'" },
]
sdist = { url = "https://files.pythonhosted.org/packages/e4/47/b9efed96c114afcfa3c9d3fe98a76a1d14c74a9e266d397cf6eb64be5e01/pytest-9.1.1.tar.gz", hash = "sha256:1088fbde8f2b49d95a549a195707afa7a76a3ce9bcadc26b6d71f0ffda5fe313", size = 1636369, upload-time = "2026-06-19T10:58:32.857Z" }
wheels = [
    { url = "https://files.pythonhosted.org/packages/24/25/1de2678b631f5a49215c6c96fff41ba892b0a34df68d6d80292b1b48aa7f/pytest-9.1.1-py3-none-any.whl", hash = "sha256:37a86b45efb9a47a61a36449063e8e18d0cab3161329fc099eb21783169c4f0c", size = 386536, upload-time = "2026-06-19T10:58:31.347Z" },
]

[[package]]
name = "pywinpty"
version = "3.0.3"
source = { registry = "https://pypi.org/simple" }
resolution-markers = [
    "python_full_version < '3.10'",
]
sdist = { url = "https://files.pythonhosted.org/packages/f7/54/37c7370ba91f579235049dc26cd2c5e657d2a943e01820844ffc81f32176/pywinpty-3.0.3.tar.gz", hash = "sha256:523441dc34d231fb361b4b00f8c99d3f16de02f5005fd544a0183112bcc22412", size = 31309, upload-time = "2026-02-04T21:51:09.524Z" }
wheels = [
    { url = "https://files.pythonhosted.org/packages/62/28/a652709bd76ca7533cd1c443b03add9f5051fdf71bc6bdb8801dddd4e7a3/pywinpty-3.0.3-cp310-cp310-win_amd64.whl", hash = "sha256:ff05f12d775b142b11c6fe085129bdd759b61cf7d41da6c745e78e3a1ef5bf40", size = 2114320, upload-time = "2026-02-04T21:53:50.972Z" },
    { url = "https://files.pythonhosted.org/packages/b2/13/a0181cc5c2d5635d3dbc3802b97bc8e3ad4fa7502ccef576651a5e08e54c/pywinpty-3.0.3-cp310-cp310-win_arm64.whl", hash = "sha256:340ccacb4d74278a631923794ccd758471cfc8eeeeee4610b280420a17ad1e82", size = 235670, upload-time = "2026-02-04T21:50:20.324Z" },
    { url = "https://files.pythonhosted.org/packages/79/c3/3e75075c7f71735f22b66fab0481f2c98e3a4d58cba55cb50ba29114bcf6/pywinpty-3.0.3-cp311-cp311-win_amd64.whl", hash = "sha256:dff25a9a6435f527d7c65608a7e62783fc12076e7d44487a4911ee91be5a8ac8", size = 2114430, upload-time = "2026-02-04T21:54:19.485Z" },
    { url = "https://files.pythonhosted.org/packages/8d/1e/8a54166a8c5e4f5cb516514bdf4090be4d51a71e8d9f6d98c0aa00fe45d4/pywinpty-3.0.3-cp311-cp311-win_arm64.whl", hash = "sha256:fbc1e230e5b193eef4431cba3f39996a288f9958f9c9f092c8a961d930ee8f68", size = 236191, upload-time = "2026-02-04T21:50:36.239Z" },
    { url = "https://files.pythonhosted.org/packages/7c/d4/aeb5e1784d2c5bff6e189138a9ca91a090117459cea0c30378e1f2db3d54/pywinpty-3.0.3-cp312-cp312-win_amd64.whl", hash = "sha256:c9081df0e49ffa86d15db4a6ba61530630e48707f987df42c9d3313537e81fc0", size = 2113098, upload-time = "2026-02-04T21:54:37.711Z" },
    { url = "https://files.pythonhosted.org/packages/b9/53/7278223c493ccfe4883239cf06c823c56460a8010e0fc778eef67858dc14/pywinpty-3.0.3-cp312-cp312-win_arm64.whl", hash = "sha256:15e79d870e18b678fb8a5a6105fd38496b55697c66e6fc0378236026bc4d59e9", size = 234901, upload-time = "2026-02-04T21:53:31.35Z" },
    { url = "https://files.pythonhosted.org/packages/e5/cb/58d6ed3fd429c96a90ef01ac9a617af10a6d41469219c25e7dc162abbb71/pywinpty-3.0.3-cp313-cp313-win_amd64.whl", hash = "sha256:9c91dbb026050c77bdcef964e63a4f10f01a639113c4d3658332614544c467ab", size = 2112686, upload-time = "2026-02-04T21:52:03.035Z" },
    { url = "https://files.pythonhosted.org/packages/fd/50/724ed5c38c504d4e58a88a072776a1e880d970789deaeb2b9f7bd9a5141a/pywinpty-3.0.3-cp313-cp313-win_arm64.whl", hash = "sha256:fe1f7911805127c94cf51f89ab14096c6f91ffdcacf993d2da6082b2142a2523", size = 234591, upload-time = "2026-02-04T21:52:29.821Z" },
    { url = "https://files.pythonhosted.org/packages/f7/ad/90a110538696b12b39fd8758a06d70ded899308198ad2305ac68e361126e/pywinpty-3.0.3-cp313-cp313t-win_amd64.whl", hash = "sha256:3f07a6cf1c1d470d284e614733c3d0f726d2c85e78508ea10a403140c3c0c18a", size = 2112360, upload-time = "2026-02-04T21:55:33.397Z" },
    { url = "https://files.pythonhosted.org/packages/44/0f/7ffa221757a220402bc79fda44044c3f2cc57338d878ab7d622add6f4581/pywinpty-3.0.3-cp313-cp313t-win_arm64.whl", hash = "sha256:15c7c0b6f8e9d87aabbaff76468dabf6e6121332c40fc1d83548d02a9d6a3759", size = 233107, upload-time = "2026-02-04T21:51:45.455Z" },
    { url = "https://files.pythonhosted.org/packages/28/88/2ff917caff61e55f38bcdb27de06ee30597881b2cae44fbba7627be015c4/pywinpty-3.0.3-cp314-cp314-win_amd64.whl", hash = "sha256:d4b6b7b0fe0cdcd02e956bd57cfe9f4e5a06514eecf3b5ae174da4f951b58be9", size = 2113282, upload-time = "2026-02-04T21:52:08.188Z" },
    { url = "https://files.pythonhosted.org/packages/63/32/40a775343ace542cc43ece3f1d1fce454021521ecac41c4c4573081c2336/pywinpty-3.0.3-cp314-cp314-win_arm64.whl", hash = "sha256:34789d685fc0d547ce0c8a65e5a70e56f77d732fa6e03c8f74fefb8cbb252019", size = 234207, upload-time = "2026-02-04T21:51:58.687Z" },
    { url = "https://files.pythonhosted.org/packages/8d/54/5d5e52f4cb75028104ca6faf36c10f9692389b1986d34471663b4ebebd6d/pywinpty-3.0.3-cp314-cp314t-win_amd64.whl", hash = "sha256:0c37e224a47a971d1a6e08649a1714dac4f63c11920780977829ed5c8cadead1", size = 2112910, upload-time = "2026-02-04T21:52:30.976Z" },
    { url = "https://files.pythonhosted.org/packages/0a/44/dcd184824e21d4620b06c7db9fbb15c3ad0a0f1fa2e6de79969fb82647ec/pywinpty-3.0.3-cp314-cp314t-win_arm64.whl", hash = "sha256:c4e9c3dff7d86ba81937438d5819f19f385a39d8f592d4e8af67148ceb4f6ab5", size = 233425, upload-time = "2026-02-04T21:51:56.754Z" },
    { url = "https://files.pythonhosted.org/packages/d7/48/57c3d4e63aa93280ad1b1c2b3a5412d9d1fdee9955fa0aef43a84518d31b/pywinpty-3.0.3-cp39-cp39-win_amd64.whl", hash = "sha256:0f10e81d52d7f2c4d927f645f247028e64eaf205a3ed9e64dbd998122108a218", size = 2116037, upload-time = "2026-02-04T21:53:56.58Z" },
]

[[package]]
name = "pywinpty"
version = "3.0.5"
source = { registry = "https://pypi.org/simple" }
resolution-markers = [
    "python_full_version >= '3.10'",
]
sdist = { url = "https://files.pythonhosted.org/packages/a9/ef/2d27f30c59a67be7025b2d7858c8c2d282b74d66544b2384730b82de74fd/pywinpty-3.0.5.tar.gz", hash = "sha256:61db0db063de9865adbea66db294628f8577f608d9764a4c7d3384eeacc4e81b", size = 16223484, upload-time = "2026-06-11T00:11:58.93Z" }
wheels = [
    { url = "https://files.pythonhosted.org/packages/89/ff/8bd91d4502b48bee0459bc912806fa512111905ab97d317e7cb1201b3542/pywinpty-3.0.5-cp310-cp310-win_amd64.whl", hash = "sha256:b467dcad72365bc2205ed8b6e694e817d71de269d46e56cfe267dfa9d3d30e1b", size = 2092426, upload-time = "2026-06-10T23:40:23.292Z" },
    { url = "https://files.pythonhosted.org/packages/00/d2/dee13e67af2300a080dea30d4da8fdb05133a7eebb39171111f0530f7e88/pywinpty-3.0.5-cp310-cp310-win_arm64.whl", hash = "sha256:7dc4046ea8e4d7f0a16dae8dfcaeeda6df7ca3a9330444d2ba5bb96138fe0a91", size = 818083, upload-time = "2026-06-10T23:42:04.203Z" },
    { url = "https://files.pythonhosted.org/packages/b0/5c/31feb3dd82d1b33ae0bd09ca601edb993d9da1b7f0226b3336d4b4c39e1e/pywinpty-3.0.5-cp311-cp311-win_amd64.whl", hash = "sha256:af7a8720c78776ddd6259b71dd567944f766a6cd67f8d2887fbc4973967bacda", size = 2092466, upload-time = "2026-06-10T23:44:24.453Z" },
    { url = "https://files.pythonhosted.org/packages/ee/fe/fe23e2229ffec0c10190cef5964f5c9b2dba179d23b69ae537b7ea90bcab/pywinpty-3.0.5-cp311-cp311-win_arm64.whl", hash = "sha256:c2406f54f699eab75953fb75ce805f2ae55a33a957cd070890abd454fb4b7680", size = 818395, upload-time = "2026-06-10T23:41:56.93Z" },
    { url = "https://files.pythonhosted.org/packages/45/34/942cc95ca4e26489875aa8a95192766247a687379ec29543eebe73ec945f/pywinpty-3.0.5-cp312-cp312-win_amd64.whl", hash = "sha256:d62946adf14b15b54c0b8d785f93fe18b04da23f4ad59e2e8c4612646e9abd23", size = 2090915, upload-time = "2026-06-10T23:43:14.98Z" },
    { url = "https://files.pythonhosted.org/packages/6a/70/5b9053004844139ea8bd86209c57ade12b134b2782f383a095784c8531ec/pywinpty-3.0.5-cp312-cp312-win_arm64.whl", hash = "sha256:e9391c05fbfa7a992a97e831fc6849887b4014a614192e3d984a7ca59592b376", size = 815934, upload-time = "2026-06-10T23:41:42.384Z" },
    { url = "https://files.pythonhosted.org/packages/b9/f4/2a464b9893cceb3b3f416356e94fdc3e1bca9476993927e4e6d99fe95382/pywinpty-3.0.5-cp313-cp313-win_amd64.whl", hash = "sha256:48db1b0ad9d0a1b81dcaaa7163a99a7808deaceb0c1b2344716dc1fc090c3c4c", size = 2090471, upload-time = "2026-06-10T23:42:11.071Z" },
    { url = "https://files.pythonhosted.org/packages/3c/2c/a138491a0afbdb50eb79395577bd326d4b0fbde7209417d1a8087ff2493a/pywinpty-3.0.5-cp313-cp313-win_arm64.whl", hash = "sha256:2c6008fb2d3774b48693b2fcb7f2cc317ade9dc581289a964ffeeaf81307c9b5", size = 815518, upload-time = "2026-06-10T23:42:02.363Z" },
    { url = "https://files.pythonhosted.org/packages/6f/15/54400049a380582acd1282665c70fcf11e0bd3713679aca78e24c3aae738/pywinpty-3.0.5-cp313-cp313t-win_amd64.whl", hash = "sha256:22ce1b780d89821cc52daf6eac0708af22d93d000ce9c7c07e37489db8594598", size = 2089920, upload-time = "2026-06-10T23:44:13.395Z" },
    { url = "https://files.pythonhosted.org/packages/94/0c/6f24f3c0799f502259b24bdf841a99ad2b0d59df5c2525b4e2a286d14be2/pywinpty-3.0.5-cp313-cp313t-win_arm64.whl", hash = "sha256:9c2919a81bc5cfb09b86fc5a002112b2de95ca4304a07413cbeeb746a1307a5c", size = 814520, upload-time = "2026-06-10T23:43:28.588Z" },
    { url = "https://files.pythonhosted.org/packages/e9/23/f3cd1b1e5fc56517f54452c49f92049e7dd9ffc8a63de22a495581f50d04/pywinpty-3.0.5-cp314-cp314-win_amd64.whl", hash = "sha256:03bb3c16d691d9242267201830bcd0e64a9b663170e9042bc84b210da9de15ac", size = 2090663, upload-time = "2026-06-10T23:43:59.845Z" },
    { url = "https://files.pythonhosted.org/packages/9d/dd/96d6cbfc6d9ddab5c1c2f92c26545ae8997446a2ba7ee2024cd43c81f49b/pywinpty-3.0.5-cp314-cp314-win_arm64.whl", hash = "sha256:89c5c6ef08997a3b4b277b214a35fe15cab4dd6d119f0140aa71df5b1168fdbc", size = 815700, upload-time = "2026-06-10T23:40:50.001Z" },
    { url = "https://files.pythonhosted.org/packages/30/36/d98087bce0acaa4cce7f196103cfa7be3f63ce65f52473bb3e38784ae5d9/pywinpty-3.0.5-cp314-cp314t-win_amd64.whl", hash = "sha256:7b566165e0c5fdd6abe167a5ac8b954be6a843eb55a85946576d6bc1dea03d6d", size = 2090093, upload-time = "2026-06-10T23:40:58.933Z" },
    { url = "https://files.pythonhosted.org/packages/57/fd/fe2b0db922ba052ce3976a08f3fc05d0c05047c8b4ebb6102e832b8ef563/pywinpty-3.0.5-cp314-cp314t-win_arm64.whl", hash = "sha256:24366280a8aa677323da87bec729cb3ea3b35367386cece0978bdc6e4695c690", size = 814517, upload-time = "2026-06-10T23:42:34.946Z" },
]

[[package]]
name = "tomli"
version = "2.4.1"
source = { registry = "https://pypi.org/simple" }
sdist = { url = "https://files.pythonhosted.org/packages/22/de/48c59722572767841493b26183a0d1cc411d54fd759c5607c4590b6563a6/tomli-2.4.1.tar.gz", hash = "sha256:7c7e1a961a0b2f2472c1ac5b69affa0ae1132c39adcb67aba98568702b9cc23f", size = 17543, upload-time = "2026-03-25T20:22:03.828Z" }
wheels = [
    { url = "https://files.pythonhosted.org/packages/f4/11/db3d5885d8528263d8adc260bb2d28ebf1270b96e98f0e0268d32b8d9900/tomli-2.4.1-cp311-cp311-macosx_10_9_x86_64.whl", hash = "sha256:f8f0fc26ec2cc2b965b7a3b87cd19c5c6b8c5e5f436b984e85f486d652285c30", size = 154704, upload-time = "2026-03-25T20:21:10.473Z" },
    { url = "https://files.pythonhosted.org/packages/6d/f7/675db52c7e46064a9aa928885a9b20f4124ecb9bc2e1ce74c9106648d202/tomli-2.4.1-cp311-cp311-macosx_11_0_arm64.whl", hash = "sha256:4ab97e64ccda8756376892c53a72bd1f964e519c77236368527f758fbc36a53a", size = 149454, upload-time = "2026-03-25T20:21:12.036Z" },
    { url = "https://files.pythonhosted.org/packages/61/71/81c50943cf953efa35bce7646caab3cf457a7d8c030b27cfb40d7235f9ee/tomli-2.4.1-cp311-cp311-manylinux2014_aarch64.manylinux_2_17_aarch64.manylinux_2_28_aarch64.whl", hash = "sha256:96481a5786729fd470164b47cdb3e0e58062a496f455ee41b4403be77cb5a076", size = 237561, upload-time = "2026-03-25T20:21:13.098Z" },
    { url = "https://files.pythonhosted.org/packages/48/c1/f41d9cb618acccca7df82aaf682f9b49013c9397212cb9f53219e3abac37/tomli-2.4.1-cp311-cp311-manylinux2014_x86_64.manylinux_2_17_x86_64.manylinux_2_28_x86_64.whl", hash = "sha256:5a881ab208c0baf688221f8cecc5401bd291d67e38a1ac884d6736cbcd8247e9", size = 243824, upload-time = "2026-03-25T20:21:14.569Z" },
    { url = "https://files.pythonhosted.org/packages/22/e4/5a816ecdd1f8ca51fb756ef684b90f2780afc52fc67f987e3c61d800a46d/tomli-2.4.1-cp311-cp311-musllinux_1_2_aarch64.whl", hash = "sha256:47149d5bd38761ac8be13a84864bf0b7b70bc051806bc3669ab1cbc56216b23c", size = 242227, upload-time = "2026-03-25T20:21:15.712Z" },
    { url = "https://files.pythonhosted.org/packages/6b/49/2b2a0ef529aa6eec245d25f0c703e020a73955ad7edf73e7f54ddc608aa5/tomli-2.4.1-cp311-cp311-musllinux_1_2_x86_64.whl", hash = "sha256:ec9bfaf3ad2df51ace80688143a6a4ebc09a248f6ff781a9945e51937008fcbc", size = 247859, upload-time = "2026-03-25T20:21:17.001Z" },
    { url = "https://files.pythonhosted.org/packages/83/bd/6c1a630eaca337e1e78c5903104f831bda934c426f9231429396ce3c3467/tomli-2.4.1-cp311-cp311-win32.whl", hash = "sha256:ff2983983d34813c1aeb0fa89091e76c3a22889ee83ab27c5eeb45100560c049", size = 97204, upload-time = "2026-03-25T20:21:18.079Z" },
    { url = "https://files.pythonhosted.org/packages/42/59/71461df1a885647e10b6bb7802d0b8e66480c61f3f43079e0dcd315b3954/tomli-2.4.1-cp311-cp311-win_amd64.whl", hash = "sha256:5ee18d9ebdb417e384b58fe414e8d6af9f4e7a0ae761519fb50f721de398dd4e", size = 108084, upload-time = "2026-03-25T20:21:18.978Z" },
    { url = "https://files.pythonhosted.org/packages/b8/83/dceca96142499c069475b790e7913b1044c1a4337e700751f48ed723f883/tomli-2.4.1-cp311-cp311-win_arm64.whl", hash = "sha256:c2541745709bad0264b7d4705ad453b76ccd191e64aa6f0fc66b69a293a45ece", size = 95285, upload-time = "2026-03-25T20:21:20.309Z" },
    { url = "https://files.pythonhosted.org/packages/c1/ba/42f134a3fe2b370f555f44b1d72feebb94debcab01676bf918d0cb70e9aa/tomli-2.4.1-cp312-cp312-macosx_10_13_x86_64.whl", hash = "sha256:c742f741d58a28940ce01d58f0ab2ea3ced8b12402f162f4d534dfe18ba1cd6a", size = 155924, upload-time = "2026-03-25T20:21:21.626Z" },
    { url = "https://files.pythonhosted.org/packages/dc/c7/62d7a17c26487ade21c5422b646110f2162f1fcc95980ef7f63e73c68f14/tomli-2.4.1-cp312-cp312-macosx_11_0_arm64.whl", hash = "sha256:7f86fd587c4ed9dd76f318225e7d9b29cfc5a9d43de44e5754db8d1128487085", size = 150018, upload-time = "2026-03-25T20:21:23.002Z" },
    { url = "https://files.pythonhosted.org/packages/5c/05/79d13d7c15f13bdef410bdd49a6485b1c37d28968314eabee452c22a7fda/tomli-2.4.1-cp312-cp312-manylinux2014_aarch64.manylinux_2_17_aarch64.manylinux_2_28_aarch64.whl", hash = "sha256:ff18e6a727ee0ab0388507b89d1bc6a22b138d1e2fa56d1ad494586d61d2eae9", size = 244948, upload-time = "2026-03-25T20:21:24.04Z" },
    { url = "https://files.pythonhosted.org/packages/10/90/d62ce007a1c80d0b2c93e02cab211224756240884751b94ca72df8a875ca/tomli-2.4.1-cp312-cp312-manylinux2014_x86_64.manylinux_2_17_x86_64.manylinux_2_28_x86_64.whl", hash = "sha256:136443dbd7e1dee43c68ac2694fde36b2849865fa258d39bf822c10e8068eac5", size = 253341, upload-time = "2026-03-25T20:21:25.177Z" },
    { url = "https://files.pythonhosted.org/packages/1a/7e/caf6496d60152ad4ed09282c1885cca4eea150bfd007da84aea07bcc0a3e/tomli-2.4.1-cp312-cp312-musllinux_1_2_aarch64.whl", hash = "sha256:5e262d41726bc187e69af7825504c933b6794dc3fbd5945e41a79bb14c31f585", size = 248159, upload-time = "2026-03-25T20:21:26.364Z" },
    { url = "https://files.pythonhosted.org/packages/99/e7/c6f69c3120de34bbd882c6fba7975f3d7a746e9218e56ab46a1bc4b42552/tomli-2.4.1-cp312-cp312-musllinux_1_2_x86_64.whl", hash = "sha256:5cb41aa38891e073ee49d55fbc7839cfdb2bc0e600add13874d048c94aadddd1", size = 253290, upload-time = "2026-03-25T20:21:27.46Z" },
    { url = "https://files.pythonhosted.org/packages/d6/2f/4a3c322f22c5c66c4b836ec58211641a4067364f5dcdd7b974b4c5da300c/tomli-2.4.1-cp312-cp312-win32.whl", hash = "sha256:da25dc3563bff5965356133435b757a795a17b17d01dbc0f42fb32447ddfd917", size = 98141, upload-time = "2026-03-25T20:21:28.492Z" },
    { url = "https://files.pythonhosted.org/packages/24/22/4daacd05391b92c55759d55eaee21e1dfaea86ce5c571f10083360adf534/tomli-2.4.1-cp312-cp312-win_amd64.whl", hash = "sha256:52c8ef851d9a240f11a88c003eacb03c31fc1c9c4ec64a99a0f922b93874fda9", size = 108847, upload-time = "2026-03-25T20:21:29.386Z" },
    { url = "https://files.pythonhosted.org/packages/68/fd/70e768887666ddd9e9f5d85129e84910f2db2796f9096aa02b721a53098d/tomli-2.4.1-cp312-cp312-win_arm64.whl", hash = "sha256:f758f1b9299d059cc3f6546ae2af89670cb1c4d48ea29c3cacc4fe7de3058257", size = 95088, upload-time = "2026-03-25T20:21:30.677Z" },
    { url = "https://files.pythonhosted.org/packages/07/06/b823a7e818c756d9a7123ba2cda7d07bc2dd32835648d1a7b7b7a05d848d/tomli-2.4.1-cp313-cp313-macosx_10_13_x86_64.whl", hash = "sha256:36d2bd2ad5fb9eaddba5226aa02c8ec3fa4f192631e347b3ed28186d43be6b54", size = 155866, upload-time = "2026-03-25T20:21:31.65Z" },
    { url = "https://files.pythonhosted.org/packages/14/6f/12645cf7f08e1a20c7eb8c297c6f11d31c1b50f316a7e7e1e1de6e2e7b7e/tomli-2.4.1-cp313-cp313-macosx_11_0_arm64.whl", hash = "sha256:eb0dc4e38e6a1fd579e5d50369aa2e10acfc9cace504579b2faabb478e76941a", size = 149887, upload-time = "2026-03-25T20:21:33.028Z" },
    { url = "https://files.pythonhosted.org/packages/5c/e0/90637574e5e7212c09099c67ad349b04ec4d6020324539297b634a0192b0/tomli-2.4.1-cp313-cp313-manylinux2014_aarch64.manylinux_2_17_aarch64.manylinux_2_28_aarch64.whl", hash = "sha256:c7f2c7f2b9ca6bdeef8f0fa897f8e05085923eb091721675170254cbc5b02897", size = 243704, upload-time = "2026-03-25T20:21:34.51Z" },
    { url = "https://files.pythonhosted.org/packages/10/8f/d3ddb16c5a4befdf31a23307f72828686ab2096f068eaf56631e136c1fdd/tomli-2.4.1-cp313-cp313-manylinux2014_x86_64.manylinux_2_17_x86_64.manylinux_2_28_x86_64.whl", hash = "sha256:f3c6818a1a86dd6dca7ddcaaf76947d5ba31aecc28cb1b67009a5877c9a64f3f", size = 251628, upload-time = "2026-03-25T20:21:36.012Z" },
    { url = "https://files.pythonhosted.org/packages/e3/f1/dbeeb9116715abee2485bf0a12d07a8f31af94d71608c171c45f64c0469d/tomli-2.4.1-cp313-cp313-musllinux_1_2_aarch64.whl", hash = "sha256:d312ef37c91508b0ab2cee7da26ec0b3ed2f03ce12bd87a588d771ae15dcf82d", size = 247180, upload-time = "2026-03-25T20:21:37.136Z" },
    { url = "https://files.pythonhosted.org/packages/d3/74/16336ffd19ed4da28a70959f92f506233bd7cfc2332b20bdb01591e8b1d1/tomli-2.4.1-cp313-cp313-musllinux_1_2_x86_64.whl", hash = "sha256:51529d40e3ca50046d7606fa99ce3956a617f9b36380da3b7f0dd3dd28e68cb5", size = 251674, upload-time = "2026-03-25T20:21:38.298Z" },
    { url = "https://files.pythonhosted.org/packages/16/f9/229fa3434c590ddf6c0aa9af64d3af4b752540686cace29e6281e3458469/tomli-2.4.1-cp313-cp313-win32.whl", hash = "sha256:2190f2e9dd7508d2a90ded5ed369255980a1bcdd58e52f7fe24b8162bf9fedbd", size = 97976, upload-time = "2026-03-25T20:21:39.316Z" },
    { url = "https://files.pythonhosted.org/packages/6a/1e/71dfd96bcc1c775420cb8befe7a9d35f2e5b1309798f009dca17b7708c1e/tomli-2.4.1-cp313-cp313-win_amd64.whl", hash = "sha256:8d65a2fbf9d2f8352685bc1364177ee3923d6baf5e7f43ea4959d7d8bc326a36", size = 108755, upload-time = "2026-03-25T20:21:40.248Z" },
    { url = "https://files.pythonhosted.org/packages/83/7a/d34f422a021d62420b78f5c538e5b102f62bea616d1d75a13f0a88acb04a/tomli-2.4.1-cp313-cp313-win_arm64.whl", hash = "sha256:4b605484e43cdc43f0954ddae319fb75f04cc10dd80d830540060ee7cd0243cd", size = 95265, upload-time = "2026-03-25T20:21:41.219Z" },
    { url = "https://files.pythonhosted.org/packages/3c/fb/9a5c8d27dbab540869f7c1f8eb0abb3244189ce780ba9cd73f3770662072/tomli-2.4.1-cp314-cp314-macosx_10_15_x86_64.whl", hash = "sha256:fd0409a3653af6c147209d267a0e4243f0ae46b011aa978b1080359fddc9b6cf", size = 155726, upload-time = "2026-03-25T20:21:42.23Z" },
    { url = "https://files.pythonhosted.org/packages/62/05/d2f816630cc771ad836af54f5001f47a6f611d2d39535364f148b6a92d6b/tomli-2.4.1-cp314-cp314-macosx_11_0_arm64.whl", hash = "sha256:a120733b01c45e9a0c34aeef92bf0cf1d56cfe81ed9d47d562f9ed591a9828ac", size = 149859, upload-time = "2026-03-25T20:21:43.386Z" },
    { url = "https://files.pythonhosted.org/packages/ce/48/66341bdb858ad9bd0ceab5a86f90eddab127cf8b046418009f2125630ecb/tomli-2.4.1-cp314-cp314-manylinux2014_aarch64.manylinux_2_17_aarch64.manylinux_2_28_aarch64.whl", hash = "sha256:559db847dc486944896521f68d8190be1c9e719fced785720d2216fe7022b662", size = 244713, upload-time = "2026-03-25T20:21:44.474Z" },
    { url = "https://files.pythonhosted.org/packages/df/6d/c5fad00d82b3c7a3ab6189bd4b10e60466f22cfe8a08a9394185c8a8111c/tomli-2.4.1-cp314-cp314-manylinux2014_x86_64.manylinux_2_17_x86_64.manylinux_2_28_x86_64.whl", hash = "sha256:01f520d4f53ef97964a240a035ec2a869fe1a37dde002b57ebc4417a27ccd853", size = 252084, upload-time = "2026-03-25T20:21:45.62Z" },
    { url = "https://files.pythonhosted.org/packages/00/71/3a69e86f3eafe8c7a59d008d245888051005bd657760e96d5fbfb0b740c2/tomli-2.4.1-cp314-cp314-musllinux_1_2_aarch64.whl", hash = "sha256:7f94b27a62cfad8496c8d2513e1a222dd446f095fca8987fceef261225538a15", size = 247973, upload-time = "2026-03-25T20:21:46.937Z" },
    { url = "https://files.pythonhosted.org/packages/67/50/361e986652847fec4bd5e4a0208752fbe64689c603c7ae5ea7cb16b1c0ca/tomli-2.4.1-cp314-cp314-musllinux_1_2_x86_64.whl", hash = "sha256:ede3e6487c5ef5d28634ba3f31f989030ad6af71edfb0055cbbd14189ff240ba", size = 256223, upload-time = "2026-03-25T20:21:48.467Z" },
    { url = "https://files.pythonhosted.org/packages/8c/9a/b4173689a9203472e5467217e0154b00e260621caa227b6fa01feab16998/tomli-2.4.1-cp314-cp314-win32.whl", hash = "sha256:3d48a93ee1c9b79c04bb38772ee1b64dcf18ff43085896ea460ca8dec96f35f6", size = 98973, upload-time = "2026-03-25T20:21:49.526Z" },
    { url = "https://files.pythonhosted.org/packages/14/58/640ac93bf230cd27d002462c9af0d837779f8773bc03dee06b5835208214/tomli-2.4.1-cp314-cp314-win_amd64.whl", hash = "sha256:88dceee75c2c63af144e456745e10101eb67361050196b0b6af5d717254dddf7", size = 109082, upload-time = "2026-03-25T20:21:50.506Z" },
    { url = "https://files.pythonhosted.org/packages/d5/2f/702d5e05b227401c1068f0d386d79a589bb12bf64c3d2c72ce0631e3bc49/tomli-2.4.1-cp314-cp314-win_arm64.whl", hash = "sha256:b8c198f8c1805dc42708689ed6864951fd2494f924149d3e4bce7710f8eb5232", size = 96490, upload-time = "2026-03-25T20:21:51.474Z" },
    { url = "https://files.pythonhosted.org/packages/45/4b/b877b05c8ba62927d9865dd980e34a755de541eb65fffba52b4cc495d4d2/tomli-2.4.1-cp314-cp314t-macosx_10_15_x86_64.whl", hash = "sha256:d4d8fe59808a54658fcc0160ecfb1b30f9089906c50b23bcb4c69eddc19ec2b4", size = 164263, upload-time = "2026-03-25T20:21:52.543Z" },
    { url = "https://files.pythonhosted.org/packages/24/79/6ab420d37a270b89f7195dec5448f79400d9e9c1826df982f3f8e97b24fd/tomli-2.4.1-cp314-cp314t-macosx_11_0_arm64.whl", hash = "sha256:7008df2e7655c495dd12d2a4ad038ff878d4ca4b81fccaf82b714e07eae4402c", size = 160736, upload-time = "2026-03-25T20:21:53.674Z" },
    { url = "https://files.pythonhosted.org/packages/02/e0/3630057d8eb170310785723ed5adcdfb7d50cb7e6455f85ba8a3deed642b/tomli-2.4.1-cp314-cp314t-manylinux2014_aarch64.manylinux_2_17_aarch64.manylinux_2_28_aarch64.whl", hash = "sha256:1d8591993e228b0c930c4bb0db464bdad97b3289fb981255d6c9a41aedc84b2d", size = 270717, upload-time = "2026-03-25T20:21:55.129Z" },
    { url = "https://files.pythonhosted.org/packages/7a/b4/1613716072e544d1a7891f548d8f9ec6ce2faf42ca65acae01d76ea06bb0/tomli-2.4.1-cp314-cp314t-manylinux2014_x86_64.manylinux_2_17_x86_64.manylinux_2_28_x86_64.whl", hash = "sha256:734e20b57ba95624ecf1841e72b53f6e186355e216e5412de414e3c51e5e3c41", size = 278461, upload-time = "2026-03-25T20:21:56.228Z" },
    { url = "https://files.pythonhosted.org/packages/05/38/30f541baf6a3f6df77b3df16b01ba319221389e2da59427e221ef417ac0c/tomli-2.4.1-cp314-cp314t-musllinux_1_2_aarch64.whl", hash = "sha256:8a650c2dbafa08d42e51ba0b62740dae4ecb9338eefa093aa5c78ceb546fcd5c", size = 274855, upload-time = "2026-03-25T20:21:57.653Z" },
    { url = "https://files.pythonhosted.org/packages/77/a3/ec9dd4fd2c38e98de34223b995a3b34813e6bdadf86c75314c928350ed14/tomli-2.4.1-cp314-cp314t-musllinux_1_2_x86_64.whl", hash = "sha256:504aa796fe0569bb43171066009ead363de03675276d2d121ac1a4572397870f", size = 283144, upload-time = "2026-03-25T20:21:59.089Z" },
    { url = "https://files.pythonhosted.org/packages/ef/be/605a6261cac79fba2ec0c9827e986e00323a1945700969b8ee0b30d85453/tomli-2.4.1-cp314-cp314t-win32.whl", hash = "sha256:b1d22e6e9387bf4739fbe23bfa80e93f6b0373a7f1b96c6227c32bef95a4d7a8", size = 108683, upload-time = "2026-03-25T20:22:00.214Z" },
    { url = "https://files.pythonhosted.org/packages/12/64/da524626d3b9cc40c168a13da8335fe1c51be12c0a63685cc6db7308daae/tomli-2.4.1-cp314-cp314t-win_amd64.whl", hash = "sha256:2c1c351919aca02858f740c6d33adea0c5deea37f9ecca1cc1ef9e884a619d26", size = 121196, upload-time = "2026-03-25T20:22:01.169Z" },
    { url = "https://files.pythonhosted.org/packages/5a/cd/e80b62269fc78fc36c9af5a6b89c835baa8af28ff5ad28c7028d60860320/tomli-2.4.1-cp314-cp314t-win_arm64.whl", hash = "sha256:eab21f45c7f66c13f2a9e0e1535309cee140182a9cdae1e041d02e47291e8396", size = 100393, upload-time = "2026-03-25T20:22:02.137Z" },
    { url = "https://files.pythonhosted.org/packages/7b/61/cceae43728b7de99d9b847560c262873a1f6c98202171fd5ed62640b494b/tomli-2.4.1-py3-none-any.whl", hash = "sha256:0d85819802132122da43cb86656f8d1f8c6587d54ae7dcaf30e90533028b49fe", size = 14583, upload-time = "2026-03-25T20:22:03.012Z" },
]

[[package]]
name = "typing-extensions"
version = "4.16.0"
source = { registry = "https://pypi.org/simple" }
sdist = { url = "https://files.pythonhosted.org/packages/f6/cc/6253133b5bb138fc3306cebfbda2c520f545d36b5be2c7255cc528bb45d6/typing_extensions-4.16.0.tar.gz", hash = "sha256:dc983d19a509c94dba722ee6abd33940f7c05a89e243c47e907eb4db6f1a43e5", size = 113555, upload-time = "2026-07-02T08:40:05.92Z" }
wheels = [
    { url = "https://files.pythonhosted.org/packages/49/d3/b8441a820a491ddfc024b0b0cf0393375b75ea13866d9c66727e54c2fc80/typing_extensions-4.16.0-py3-none-any.whl", hash = "sha256:481caa481374e813c1b176ada14e97f1f67a4539ce9cfeb3f350d78d6370c2e8", size = 45571, upload-time = "2026-07-02T08:40:04.659Z" },
]
